
Microsoft Visual Studio Solution File, Format Version 12.00
# Visual Studio Version 17
VisualStudioVersion = 17.3.32825.248
MinimumVisualStudioVersion = 10.0.40219.1
Project("{2150E333-8FDC-42A3-9474-1A3956D46DE8}") = "src", "src", "{3BF702F3-B071-4229-AE64-38D82A9F31B6}"
EndProject
Project("{2150E333-8FDC-42A3-9474-1A3956D46DE8}") = "Services", "Services", "{AD2D9C58-D62C-4486-AB4A-DD6C3016D827}"
EndProject
Project("{2150E333-8FDC-42A3-9474-1A3956D46DE8}") = "Web", "Web", "{73E8E845-CC41-40C9-B287-47B35C8D859C}"
EndProject
Project("{2150E333-8FDC-42A3-9474-1A3956D46DE8}") = "Building Blocks", "Building Blocks", "{15E0F5EF-DADA-4E0E-8CF4-4E718C98F890}"
EndProject
Project("{2150E333-8FDC-42A3-9474-1A3956D46DE8}") = "Identidade", "Identidade", "{0CFD8D7A-0D44-4808-A340-9FE0AEC9BA25}"
EndProject
Project("{9A19103F-16F7-4668-BE54-9A1E7A4F7556}") = "NSE.Identidade.API", "src\services\NSE.Identidade.API\NSE.Identidade.API.csproj", "{CAD4CB84-5B75-464C-AD92-1C94547F49F7}"
EndProject
Project("{2150E333-8FDC-42A3-9474-1A3956D46DE8}") = "MVC", "MVC", "{B9678C4E-11EC-493F-BBC6-50525C0A0032}"
EndProject
Project("{9A19103F-16F7-4668-BE54-9A1E7A4F7556}") = "NSE.WebApp.MVC", "src\web\NSE.WebApp.MVC\NSE.WebApp.MVC.csproj", "{6AA94CF7-CCE3-4DF4-88D3-38F8D41E92AD}"
EndProject
Project("{2150E333-8FDC-42A3-9474-1A3956D46DE8}") = "Core", "Core", "{93FCD953-C3F8-442D-B8DB-FAD7D445AF95}"
EndProject
Project("{9A19103F-16F7-4668-BE54-9A1E7A4F7556}") = "NSE.Core", "src\building blocks\NSE.Core\NSE.Core.csproj", "{B7392F0B-E31E-40EB-9C18-2218A8AE97D0}"
EndProject
Project("{2150E333-8FDC-42A3-9474-1A3956D46DE8}") = "Carrinho", "Carrinho", "{A2433898-8190-484B-B9B0-C405DB72EA2B}"
EndProject
Project("{2150E333-8FDC-42A3-9474-1A3956D46DE8}") = "Catalogo", "Catalogo", "{83A1666E-C8FE-4450-B279-B8C9D8A823A7}"
EndProject
Project("{2150E333-8FDC-42A3-9474-1A3956D46DE8}") = "Cliente", "Cliente", "{C6D5E5B9-5056-4021-A32C-999EBC27BF6A}"
EndProject
Project("{2150E333-8FDC-42A3-9474-1A3956D46DE8}") = "Pagamento", "Pagamento", "{16DA796D-9483-4E47-8138-FB9FDD29E9D5}"
EndProject
Project("{2150E333-8FDC-42A3-9474-1A3956D46DE8}") = "Pedido", "Pedido", "{2883C063-22B0-443D-BDDB-63BD0B080255}"
EndProject
Project("{9A19103F-16F7-4668-BE54-9A1E7A4F7556}") = "NSE.Carrinho.API", "src\services\NSE.Carrinho.API\NSE.Carrinho.API.csproj", "{36D8CFE4-22EA-4713-BE7A-584938045E6C}"
EndProject
Project("{9A19103F-16F7-4668-BE54-9A1E7A4F7556}") = "NSE.Catalogo.API", "src\services\NSE.Catalogo.API\NSE.Catalogo.API.csproj", "{D50081E7-8CE6-4EBA-A109-C64E8C6990BD}"
EndProject
Project("{9A19103F-16F7-4668-BE54-9A1E7A4F7556}") = "NSE.Clientes.API", "src\services\NSE.Cliente.API\NSE.Clientes.API.csproj", "{67796614-80E0-4414-883E-6FAFBAFAC172}"
EndProject
Project("{9A19103F-16F7-4668-BE54-9A1E7A4F7556}") = "NSE.Pagamento.API", "src\services\NSE.Pagamento.API\NSE.Pagamento.API.csproj", "{73C469C0-8DBF-4706-B66A-52AA6AB046E9}"
EndProject
Project("{9A19103F-16F7-4668-BE54-9A1E7A4F7556}") = "NSE.Pedido.API", "src\services\NSE.Pedido.API\NSE.Pedido.API.csproj", "{66BC995F-6C2A-40D2-87B7-AA5F0928F212}"
EndProject
Project("{2150E333-8FDC-42A3-9474-1A3956D46DE8}") = "Services", "Services", "{C6DCA7B7-EDFF-4165-BBE9-20358E8DD3DC}"
EndProject
Project("{9A19103F-16F7-4668-BE54-9A1E7A4F7556}") = "NSE.WebApi.Core", "src\building blocks\NSE.WebApi.Core\NSE.WebApi.Core.csproj", "{22583FD5-2582-4D6D-8DD7-CC5FC3685E2D}"
EndProject
Project("{2150E333-8FDC-42A3-9474-1A3956D46DE8}") = "MessageBus", "MessageBus", "{563A0EF4-FBE5-4F29-8390-9DB47E96A6E3}"
EndProject
Project("{FAE04EC0-301F-11D3-BF4B-00C04F79EFBC}") = "NSE.MessageBus", "src\building blocks\NSE.MessageBus\NSE.MessageBus.csproj", "{54777AC1-DA6D-4F6C-B9C8-3B6BBC9F8DAA}"
EndProject
Global
	GlobalSection(SolutionConfigurationPlatforms) = preSolution
		Debug|Any CPU = Debug|Any CPU
		Release|Any CPU = Release|Any CPU
	EndGlobalSection
	GlobalSection(ProjectConfigurationPlatforms) = postSolution
		{CAD4CB84-5B75-464C-AD92-1C94547F49F7}.Debug|Any CPU.ActiveCfg = Debug|Any CPU
		{CAD4CB84-5B75-464C-AD92-1C94547F49F7}.Debug|Any CPU.Build.0 = Debug|Any CPU
		{CAD4CB84-5B75-464C-AD92-1C94547F49F7}.Release|Any CPU.ActiveCfg = Release|Any CPU
		{CAD4CB84-5B75-464C-AD92-1C94547F49F7}.Release|Any CPU.Build.0 = Release|Any CPU
		{6AA94CF7-CCE3-4DF4-88D3-38F8D41E92AD}.Debug|Any CPU.ActiveCfg = Debug|Any CPU
		{6AA94CF7-CCE3-4DF4-88D3-38F8D41E92AD}.Debug|Any CPU.Build.0 = Debug|Any CPU
		{6AA94CF7-CCE3-4DF4-88D3-38F8D41E92AD}.Release|Any CPU.ActiveCfg = Release|Any CPU
		{6AA94CF7-CCE3-4DF4-88D3-38F8D41E92AD}.Release|Any CPU.Build.0 = Release|Any CPU
		{B7392F0B-E31E-40EB-9C18-2218A8AE97D0}.Debug|Any CPU.ActiveCfg = Debug|Any CPU
		{B7392F0B-E31E-40EB-9C18-2218A8AE97D0}.Debug|Any CPU.Build.0 = Debug|Any CPU
		{B7392F0B-E31E-40EB-9C18-2218A8AE97D0}.Release|Any CPU.ActiveCfg = Release|Any CPU
		{B7392F0B-E31E-40EB-9C18-2218A8AE97D0}.Release|Any CPU.Build.0 = Release|Any CPU
		{36D8CFE4-22EA-4713-BE7A-584938045E6C}.Debug|Any CPU.ActiveCfg = Debug|Any CPU
		{36D8CFE4-22EA-4713-BE7A-584938045E6C}.Debug|Any CPU.Build.0 = Debug|Any CPU
		{36D8CFE4-22EA-4713-BE7A-584938045E6C}.Release|Any CPU.ActiveCfg = Release|Any CPU
		{36D8CFE4-22EA-4713-BE7A-584938045E6C}.Release|Any CPU.Build.0 = Release|Any CPU
		{D50081E7-8CE6-4EBA-A109-C64E8C6990BD}.Debug|Any CPU.ActiveCfg = Debug|Any CPU
		{D50081E7-8CE6-4EBA-A109-C64E8C6990BD}.Debug|Any CPU.Build.0 = Debug|Any CPU
		{D50081E7-8CE6-4EBA-A109-C64E8C6990BD}.Release|Any CPU.ActiveCfg = Release|Any CPU
		{D50081E7-8CE6-4EBA-A109-C64E8C6990BD}.Release|Any CPU.Build.0 = Release|Any CPU
		{67796614-80E0-4414-883E-6FAFBAFAC172}.Debug|Any CPU.ActiveCfg = Debug|Any CPU
		{67796614-80E0-4414-883E-6FAFBAFAC172}.Debug|Any CPU.Build.0 = Debug|Any CPU
		{67796614-80E0-4414-883E-6FAFBAFAC172}.Release|Any CPU.ActiveCfg = Release|Any CPU
		{67796614-80E0-4414-883E-6FAFBAFAC172}.Release|Any CPU.Build.0 = Release|Any CPU
		{73C469C0-8DBF-4706-B66A-52AA6AB046E9}.Debug|Any CPU.ActiveCfg = Debug|Any CPU
		{73C469C0-8DBF-4706-B66A-52AA6AB046E9}.Debug|Any CPU.Build.0 = Debug|Any CPU
		{73C469C0-8DBF-4706-B66A-52AA6AB046E9}.Release|Any CPU.ActiveCfg = Release|Any CPU
		{73C469C0-8DBF-4706-B66A-52AA6AB046E9}.Release|Any CPU.Build.0 = Release|Any CPU
		{66BC995F-6C2A-40D2-87B7-AA5F0928F212}.Debug|Any CPU.ActiveCfg = Debug|Any CPU
		{66BC995F-6C2A-40D2-87B7-AA5F0928F212}.Debug|Any CPU.Build.0 = Debug|Any CPU
		{66BC995F-6C2A-40D2-87B7-AA5F0928F212}.Release|Any CPU.ActiveCfg = Release|Any CPU
		{66BC995F-6C2A-40D2-87B7-AA5F0928F212}.Release|Any CPU.Build.0 = Release|Any CPU
		{22583FD5-2582-4D6D-8DD7-CC5FC3685E2D}.Debug|Any CPU.ActiveCfg = Debug|Any CPU
		{22583FD5-2582-4D6D-8DD7-CC5FC3685E2D}.Debug|Any CPU.Build.0 = Debug|Any CPU
		{22583FD5-2582-4D6D-8DD7-CC5FC3685E2D}.Release|Any CPU.ActiveCfg = Release|Any CPU
		{22583FD5-2582-4D6D-8DD7-CC5FC3685E2D}.Release|Any CPU.Build.0 = Release|Any CPU
		{54777AC1-DA6D-4F6C-B9C8-3B6BBC9F8DAA}.Debug|Any CPU.ActiveCfg = Debug|Any CPU
		{54777AC1-DA6D-4F6C-B9C8-3B6BBC9F8DAA}.Debug|Any CPU.Build.0 = Debug|Any CPU
		{54777AC1-DA6D-4F6C-B9C8-3B6BBC9F8DAA}.Release|Any CPU.ActiveCfg = Release|Any CPU
		{54777AC1-DA6D-4F6C-B9C8-3B6BBC9F8DAA}.Release|Any CPU.Build.0 = Release|Any CPU
	EndGlobalSection
	GlobalSection(SolutionProperties) = preSolution
		HideSolutionNode = FALSE
	EndGlobalSection
	GlobalSection(NestedProjects) = preSolution
		{AD2D9C58-D62C-4486-AB4A-DD6C3016D827} = {3BF702F3-B071-4229-AE64-38D82A9F31B6}
		{73E8E845-CC41-40C9-B287-47B35C8D859C} = {3BF702F3-B071-4229-AE64-38D82A9F31B6}
		{15E0F5EF-DADA-4E0E-8CF4-4E718C98F890} = {3BF702F3-B071-4229-AE64-38D82A9F31B6}
		{0CFD8D7A-0D44-4808-A340-9FE0AEC9BA25} = {AD2D9C58-D62C-4486-AB4A-DD6C3016D827}
		{CAD4CB84-5B75-464C-AD92-1C94547F49F7} = {0CFD8D7A-0D44-4808-A340-9FE0AEC9BA25}
		{B9678C4E-11EC-493F-BBC6-50525C0A0032} = {73E8E845-CC41-40C9-B287-47B35C8D859C}
		{6AA94CF7-CCE3-4DF4-88D3-38F8D41E92AD} = {B9678C4E-11EC-493F-BBC6-50525C0A0032}
		{93FCD953-C3F8-442D-B8DB-FAD7D445AF95} = {15E0F5EF-DADA-4E0E-8CF4-4E718C98F890}
		{B7392F0B-E31E-40EB-9C18-2218A8AE97D0} = {93FCD953-C3F8-442D-B8DB-FAD7D445AF95}
		{A2433898-8190-484B-B9B0-C405DB72EA2B} = {AD2D9C58-D62C-4486-AB4A-DD6C3016D827}
		{83A1666E-C8FE-4450-B279-B8C9D8A823A7} = {AD2D9C58-D62C-4486-AB4A-DD6C3016D827}
		{C6D5E5B9-5056-4021-A32C-999EBC27BF6A} = {AD2D9C58-D62C-4486-AB4A-DD6C3016D827}
		{16DA796D-9483-4E47-8138-FB9FDD29E9D5} = {AD2D9C58-D62C-4486-AB4A-DD6C3016D827}
		{2883C063-22B0-443D-BDDB-63BD0B080255} = {AD2D9C58-D62C-4486-AB4A-DD6C3016D827}
		{36D8CFE4-22EA-4713-BE7A-584938045E6C} = {A2433898-8190-484B-B9B0-C405DB72EA2B}
		{D50081E7-8CE6-4EBA-A109-C64E8C6990BD} = {83A1666E-C8FE-4450-B279-B8C9D8A823A7}
		{67796614-80E0-4414-883E-6FAFBAFAC172} = {C6D5E5B9-5056-4021-A32C-999EBC27BF6A}
		{73C469C0-8DBF-4706-B66A-52AA6AB046E9} = {16DA796D-9483-4E47-8138-FB9FDD29E9D5}
		{66BC995F-6C2A-40D2-87B7-AA5F0928F212} = {2883C063-22B0-443D-BDDB-63BD0B080255}
		{C6DCA7B7-EDFF-4165-BBE9-20358E8DD3DC} = {15E0F5EF-DADA-4E0E-8CF4-4E718C98F890}
		{22583FD5-2582-4D6D-8DD7-CC5FC3685E2D} = {C6DCA7B7-EDFF-4165-BBE9-20358E8DD3DC}
		{563A0EF4-FBE5-4F29-8390-9DB47E96A6E3} = {15E0F5EF-DADA-4E0E-8CF4-4E718C98F890}
		{54777AC1-DA6D-4F6C-B9C8-3B6BBC9F8DAA} = {563A0EF4-FBE5-4F29-8390-9DB47E96A6E3}
	EndGlobalSection
	GlobalSection(ExtensibilityGlobals) = postSolution
		SolutionGuid = {77B34500-611B-4E2B-9912-0C54E9B9C13F}
	EndGlobalSection
EndGlobal
